
Microsoft Visual Studio Solution File, Format Version 12.00
# Visual Studio Version 16
VisualStudioVersion = 16.0.29006.145
MinimumVisualStudioVersion = 10.0.40219.1
Project("{FAE04EC0-301F-11D3-BF4B-00C04F79EFBC}") = "HostsFileSwitch", "HostsFileSwitch.csproj", "{BF28F10F-4FC5-49D5-9ECE-AAFED54A0871}"
EndProject
Global
	GlobalSection(SolutionConfigurationPlatforms) = preSolution
		Debug|Any CPU = Debug|Any CPU
		Release|Any CPU = Release|Any CPU
	EndGlobalSection
	GlobalSection(ProjectConfigurationPlatforms) = postSolution
		{BF28F10F-4FC5-49D5-9ECE-AAFED54A0871}.Debug|Any CPU.ActiveCfg = Debug|Any CPU
		{BF28F10F-4FC5-49D5-9ECE-AAFED54A0871}.Debug|Any CPU.Build.0 = Debug|Any CPU
		{BF28F10F-4FC5-49D5-9ECE-AAFED54A0871}.Release|Any CPU.ActiveCfg = Release|Any CPU
		{BF28F10F-4FC5-49D5-9ECE-AAFED54A0871}.Release|Any CPU.Build.0 = Release|Any CPU
	EndGlobalSection
	GlobalSection(SolutionProperties) = preSolution
		HideSolutionNode = FALSE
	EndGlobalSection
	GlobalSection(ExtensibilityGlobals) = postSolution
		SolutionGuid = {3B1FCDC5-A7D0-4320-9894-36C6D2FC716A}
	EndGlobalSection
EndGlobal
